// !$*UTF8*$!
{
	archiveVersion = 1;
	classes = {
	};
	objectVersion = 46;
	objects = {

/* Begin PBXBuildFile section */
		8139F34D1EEB56C100BCDD3B /* AATypewriter.ttf in Resources */ = {isa = PBXBuildFile; fileRef = 8139F3461EEB56C100BCDD3B /* AATypewriter.ttf */; };
		8139F34E1EEB56C100BCDD3B /* AdobeGothicBold.otf in Resources */ = {isa = PBXBuildFile; fileRef = 8139F3471EEB56C100BCDD3B /* AdobeGothicBold.otf */; };
		8139F34F1EEB56C100BCDD3B /* CooperBlackStd.otf in Resources */ = {isa = PBXBuildFile; fileRef = 8139F3481EEB56C100BCDD3B /* CooperBlackStd.otf */; };
		8139F3501EEB56C100BCDD3B /* HoboStd.otf in Resources */ = {isa = PBXBuildFile; fileRef = 8139F3491EEB56C100BCDD3B /* HoboStd.otf */; };
		8139F3511EEB56C100BCDD3B /* Impact.ttf in Resources */ = {isa = PBXBuildFile; fileRef = 8139F34A1EEB56C100BCDD3B /* Impact.ttf */; };
		8139F3521EEB56C100BCDD3B /* Oswald-Regular.ttf in Resources */ = {isa = PBXBuildFile; fileRef = 8139F34B1EEB56C100BCDD3B /* Oswald-Regular.ttf */; };
		8139F3531EEB56C100BCDD3B /* Whoa.ttf in Resources */ = {isa = PBXBuildFile; fileRef = 8139F34C1EEB56C100BCDD3B /* Whoa.ttf */; };
		81AC28781EE59F2100F8B415 /* AppDelegate.swift in Sources */ = {isa = PBXBuildFile; fileRef = 81AC28771EE59F2100F8B415 /* AppDelegate.swift */; };
		81AC287A1EE59F2100F8B415 /* ViewController.swift in Sources */ = {isa = PBXBuildFile; fileRef = 81AC28791EE59F2100F8B415 /* ViewController.swift */; };
		81AC287D1EE59F2100F8B415 /* Main.storyboard in Resources */ = {isa = PBXBuildFile; fileRef = 81AC287B1EE59F2100F8B415 /* Main.storyboard */; };
		81AC287F1EE59F2100F8B415 /* Assets.xcassets in Resources */ = {isa = PBXBuildFile; fileRef = 81AC287E1EE59F2100F8B415 /* Assets.xcassets */; };
		81AC28821EE59F2100F8B415 /* LaunchScreen.storyboard in Resources */ = {isa = PBXBuildFile; fileRef = 81AC28801EE59F2100F8B415 /* LaunchScreen.storyboard */; };
		81BE56411EE89AA200E06F87 /* Meme.swift in Sources */ = {isa = PBXBuildFile; fileRef = 81BE56401EE89AA200E06F87 /* Meme.swift */; };
/* End PBXBuildFile section */

/* Begin PBXFileReference section */
		8139F3461EEB56C100BCDD3B /* AATypewriter.ttf */ = {isa = PBXFileReference; lastKnownFileType = file; name = AATypewriter.ttf; path = Fonts/AATypewriter.ttf; sourceTree = "<group>"; };
		8139F3471EEB56C100BCDD3B /* AdobeGothicBold.otf */ = {isa = PBXFileReference; lastKnownFileType = file; name = AdobeGothicBold.otf; path = Fonts/AdobeGothicBold.otf; sourceTree = "<group>"; };
		8139F3481EEB56C100BCDD3B /* CooperBlackStd.otf */ = {isa = PBXFileReference; lastKnownFileType = file; name = CooperBlackStd.otf; path = Fonts/CooperBlackStd.otf; sourceTree = "<group>"; };
		8139F3491EEB56C100BCDD3B /* HoboStd.otf */ = {isa = PBXFileReference; lastKnownFileType = file; name = HoboStd.otf; path = Fonts/HoboStd.otf; sourceTree = "<group>"; };
		8139F34A1EEB56C100BCDD3B /* Impact.ttf */ = {isa = PBXFileReference; lastKnownFileType = file; name = Impact.ttf; path = Fonts/Impact.ttf; sourceTree = "<group>"; };
		8139F34B1EEB56C100BCDD3B /* Oswald-Regular.ttf */ = {isa = PBXFileReference; lastKnownFileType = file; name = "Oswald-Regular.ttf"; path = "Fonts/Oswald-Regular.ttf"; sourceTree = "<group>"; };
		8139F34C1EEB56C100BCDD3B /* Whoa.ttf */ = {isa = PBXFileReference; lastKnownFileType = file; name = Whoa.ttf; path = Fonts/Whoa.ttf; sourceTree = "<group>"; };
		81AC28741EE59F2100F8B415 /* Meme-Me-Test.app */ = {isa = PBXFileReference; explicitFileType = wrapper.application; includeInIndex = 0; path = "Meme-Me-Test.app"; sourceTree = BUILT_PRODUCTS_DIR; };
		81AC28771EE59F2100F8B415 /* AppDelegate.swift */ = {isa = PBXFileReference; lastKnownFileType = sourcecode.swift; path = AppDelegate.swift; sourceTree = "<group>"; };
		81AC28791EE59F2100F8B415 /* ViewController.swift */ = {isa = PBXFileReference; lastKnownFileType = sourcecode.swift; path = ViewController.swift; sourceTree = "<group>"; };
		81AC287C1EE59F2100F8B415 /* Base */ = {isa = PBXFileReference; lastKnownFileType = file.storyboard; name = Base; path = Base.lproj/Main.storyboard; sourceTree = "<group>"; };
		81AC287E1EE59F2100F8B415 /* Assets.xcassets */ = {isa = PBXFileReference; lastKnownFileType = folder.assetcatalog; path = Assets.xcassets; sourceTree = "<group>"; };
		81AC28811EE59F2100F8B415 /* Base */ = {isa = PBXFileReference; lastKnownFileType = file.storyboard; name = Base; path = Base.lproj/LaunchScreen.storyboard; sourceTree = "<group>"; };
		81AC28831EE59F2100F8B415 /* Info.plist */ = {isa = PBXFileReference; lastKnownFileType = text.plist.xml; path = Info.plist; sourceTree = "<group>"; };
		81BE56401EE89AA200E06F87 /* Meme.swift */ = {isa = PBXFileReference; fileEncoding = 4; lastKnownFileType = sourcecode.swift; path = Meme.swift; sourceTree = "<group>"; };
/* End PBXFileReference section */

/* Begin PBXFrameworksBuildPhase section */
		81AC28711EE59F2100F8B415 /* Frameworks */ = {
			isa = PBXFrameworksBuildPhase;
			buildActionMask = 2147483647;
			files = (
			);
			runOnlyForDeploymentPostprocessing = 0;
		};
/* End PBXFrameworksBuildPhase section */

/* Begin PBXGroup section */
		8139F3451EEB568F00BCDD3B /* Resources */ = {
			isa = PBXGroup;
			children = (
				8139F3461EEB56C100BCDD3B /* AATypewriter.ttf */,
				8139F3471EEB56C100BCDD3B /* AdobeGothicBold.otf */,
				8139F3481EEB56C100BCDD3B /* CooperBlackStd.otf */,
				8139F3491EEB56C100BCDD3B /* HoboStd.otf */,
				8139F34A1EEB56C100BCDD3B /* Impact.ttf */,
				8139F34B1EEB56C100BCDD3B /* Oswald-Regular.ttf */,
				8139F34C1EEB56C100BCDD3B /* Whoa.ttf */,
			);
			name = Resources;
			sourceTree = "<group>";
		};
		81AC286B1EE59F2100F8B415 = {
			isa = PBXGroup;
			children = (
				81AC28761EE59F2100F8B415 /* Meme-Me-Test */,
				81AC28751EE59F2100F8B415 /* Products */,
			);
			sourceTree = "<group>";
		};
		81AC28751EE59F2100F8B415 /* Products */ = {
			isa = PBXGroup;
			children = (
				81AC28741EE59F2100F8B415 /* Meme-Me-Test.app */,
			);
			name = Products;
			sourceTree = "<group>";
		};
		81AC28761EE59F2100F8B415 /* Meme-Me-Test */ = {
			isa = PBXGroup;
			children = (
				8139F3451EEB568F00BCDD3B /* Resources */,
				81AC28771EE59F2100F8B415 /* AppDelegate.swift */,
				81AC28791EE59F2100F8B415 /* ViewController.swift */,
				81BE56401EE89AA200E06F87 /* Meme.swift */,
				81AC287B1EE59F2100F8B415 /* Main.storyboard */,
				81AC287E1EE59F2100F8B415 /* Assets.xcassets */,
				81AC28801EE59F2100F8B415 /* LaunchScreen.storyboard */,
				81AC28831EE59F2100F8B415 /* Info.plist */,
			);
			path = "Meme-Me-Test";
			sourceTree = "<group>";
		};
/* End PBXGroup section */

/* Begin PBXNativeTarget section */
		81AC28731EE59F2100F8B415 /* Meme-Me-Test */ = {
			isa = PBXNativeTarget;
			buildConfigurationList = 81AC28861EE59F2100F8B415 /* Build configuration list for PBXNativeTarget "Meme-Me-Test" */;
			buildPhases = (
				81AC28701EE59F2100F8B415 /* Sources */,
				81AC28711EE59F2100F8B415 /* Frameworks */,
				81AC28721EE59F2100F8B415 /* Resources */,
			);
			buildRules = (
			);
			dependencies = (
			);
			name = "Meme-Me-Test";
			productName = "Meme-Me-Test";
			productReference = 81AC28741EE59F2100F8B415 /* Meme-Me-Test.app */;
			productType = "com.apple.product-type.application";
		};
/* End PBXNativeTarget section */

/* Begin PBXProject section */
		81AC286C1EE59F2100F8B415 /* Project object */ = {
			isa = PBXProject;
			attributes = {
				LastSwiftUpdateCheck = 0830;
				LastUpgradeCheck = 0830;
				ORGANIZATIONNAME = "Jonathan Kaufman";
				TargetAttributes = {
					81AC28731EE59F2100F8B415 = {
						CreatedOnToolsVersion = 8.3.2;
						DevelopmentTeam = 4B5G8PA32L;
						ProvisioningStyle = Automatic;
					};
				};
			};
			buildConfigurationList = 81AC286F1EE59F2100F8B415 /* Build configuration list for PBXProject "Meme-Me-Test" */;
			compatibilityVersion = "Xcode 3.2";
			developmentRegion = English;
			hasScannedForEncodings = 0;
			knownRegions = (
				en,
				Base,
			);
			mainGroup = 81AC286B1EE59F2100F8B415;
			productRefGroup = 81AC28751EE59F2100F8B415 /* Products */;
			projectDirPath = "";
			projectRoot = "";
			targets = (
				81AC28731EE59F2100F8B415 /* Meme-Me-Test */,
			);
		};
/* End PBXProject section */

/* Begin PBXResourcesBuildPhase section */
		81AC28721EE59F2100F8B415 /* Resources */ = {
			isa = PBXResourcesBuildPhase;
			buildActionMask = 2147483647;
			files = (
				81AC28821EE59F2100F8B415 /* LaunchScreen.storyboard in Resources */,
				8139F3531EEB56C100BCDD3B /* Whoa.ttf in Resources */,
				8139F3521EEB56C100BCDD3B /* Oswald-Regular.ttf in Resources */,
				8139F34D1EEB56C100BCDD3B /* AATypewriter.ttf in Resources */,
				8139F34E1EEB56C100BCDD3B /* AdobeGothicBold.otf in Resources */,
				81AC287F1EE59F2100F8B415 /* Assets.xcassets in Resources */,
				8139F3511EEB56C100BCDD3B /* Impact.ttf in Resources */,
				8139F3501EEB56C100BCDD3B /* HoboStd.otf in Resources */,
				81AC287D1EE59F2100F8B415 /* Main.storyboard in Resources */,
				8139F34F1EEB56C100BCDD3B /* CooperBlackStd.otf in Resources */,
			);
			runOnlyForDeploymentPostprocessing = 0;
		};
/* End PBXResourcesBuildPhase section */

/* Begin PBXSourcesBuildPhase section */
		81AC28701EE59F2100F8B415 /* Sources */ = {
			isa = PBXSourcesBuildPhase;
			buildActionMask = 2147483647;
			files = (
				81BE56411EE89AA200E06F87 /* Meme.swift in Sources */,
				81AC287A1EE59F2100F8B415 /* ViewController.swift in Sources */,
				81AC28781EE59F2100F8B415 /* AppDelegate.swift in Sources */,
			);
			runOnlyForDeploymentPostprocessing = 0;
		};
/* End PBXSourcesBuildPhase section */

/* Begin PBXVariantGroup section */
		81AC287B1EE59F2100F8B415 /* Main.storyboard */ = {
			isa = PBXVariantGroup;
			children = (
				81AC287C1EE59F2100F8B415 /* Base */,
			);
			name = Main.storyboard;
			sourceTree = "<group>";
		};
		81AC28801EE59F2100F8B415 /* LaunchScreen.storyboard */ = {
			isa = PBXVariantGroup;
			children = (
				81AC28811EE59F2100F8B415 /* Base */,
			);
			name = LaunchScreen.storyboard;
			sourceTree = "<group>";
		};
/* End PBXVariantGroup section */

/* Begin XCBuildConfiguration section */
		81AC28841EE59F2100F8B415 /* Debug */ = {
			isa = XCBuildConfiguration;
			buildSettings = {
				ALWAYS_SEARCH_USER_PATHS = NO;
				CLANG_ANALYZER_NONNULL = YES;
				CLANG_ANALYZER_NUMBER_OBJECT_CONVERSION = YES_AGGRESSIVE;
				CLANG_CXX_LANGUAGE_STANDARD = "gnu++0x";
				CLANG_CXX_LIBRARY = "libc++";
				CLANG_ENABLE_MODULES = YES;
				CLANG_ENABLE_OBJC_ARC = YES;
				CLANG_WARN_BOOL_CONVERSION = YES;
				CLANG_WARN_CONSTANT_CONVERSION = YES;
				CLANG_WARN_DIRECT_OBJC_ISA_USAGE = YES_ERROR;
				CLANG_WARN_DOCUMENTATION_COMMENTS = YES;
				CLANG_WARN_EMPTY_BODY = YES;
				CLANG_WARN_ENUM_CONVERSION = YES;
				CLANG_WARN_INFINITE_RECURSION = YES;
				CLANG_WARN_INT_CONVERSION = YES;
				CLANG_WARN_OBJC_ROOT_CLASS = YES_ERROR;
				CLANG_WARN_SUSPICIOUS_MOVE = YES;
				CLANG_WARN_UNREACHABLE_CODE = YES;
				CLANG_WARN__DUPLICATE_METHOD_MATCH = YES;
				"CODE_SIGN_IDENTITY[sdk=iphoneos*]" = "iPhone Developer";
				COPY_PHASE_STRIP = NO;
				DEBUG_INFORMATION_FORMAT = dwarf;
				ENABLE_STRICT_OBJC_MSGSEND = YES;
				ENABLE_TESTABILITY = YES;
				GCC_C_LANGUAGE_STANDARD = gnu99;
				GCC_DYNAMIC_NO_PIC = NO;
				GCC_NO_COMMON_BLOCKS = YES;
				GCC_OPTIMIZATION_LEVEL = 0;
				GCC_PREPROCESSOR_DEFINITIONS = (
					"DEBUG=1",
					"$(inherited)",
				);
				GCC_WARN_64_TO_32_BIT_CONVERSION = YES;
				GCC_WARN_ABOUT_RETURN_TYPE = YES_ERROR;
				GCC_WARN_UNDECLARED_SELECTOR = YES;
				GCC_WARN_UNINITIALIZED_AUTOS = YES_AGGRESSIVE;
				GCC_WARN_UNUSED_FUNCTION = YES;
				GCC_WARN_UNUSED_VARIABLE = YES;
				IPHONEOS_DEPLOYMENT_TARGET = 10.3;
				MTL_ENABLE_DEBUG_INFO = YES;
				ONLY_ACTIVE_ARCH = YES;
				SDKROOT = iphoneos;
				SWIFT_ACTIVE_COMPILATION_CONDITIONS = DEBUG;
				SWIFT_OPTIMIZATION_LEVEL = "-Onone";
			};
			name = Debug;
		};
		81AC28851EE59F2100F8B415 /* Release */ = {
			isa = XCBuildConfiguration;
			buildSettings = {
				ALWAYS_SEARCH_USER_PATHS = NO;
				CLANG_ANALYZER_NONNULL = YES;
				CLANG_ANALYZER_NUMBER_OBJECT_CONVERSION = YES_AGGRESSIVE;
				CLANG_CXX_LANGUAGE_STANDARD = "gnu++0x";
				CLANG_CXX_LIBRARY = "libc++";
				CLANG_ENABLE_MODULES = YES;
				CLANG_ENABLE_OBJC_ARC = YES;
				CLANG_WARN_BOOL_CONVERSION = YES;
				CLANG_WARN_CONSTANT_CONVERSION = YES;
				CLANG_WARN_DIRECT_OBJC_ISA_USAGE = YES_ERROR;
				CLANG_WARN_DOCUMENTATION_COMMENTS = YES;
				CLANG_WARN_EMPTY_BODY = YES;
				CLANG_WARN_ENUM_CONVERSION = YES;
				CLANG_WARN_INFINITE_RECURSION = YES;
				CLANG_WARN_INT_CONVERSION = YES;
				CLANG_WARN_OBJC_ROOT_CLASS = YES_ERROR;
				CLANG_WARN_SUSPICIOUS_MOVE = YES;
				CLANG_WARN_UNREACHABLE_CODE = YES;
				CLANG_WARN__DUPLICATE_METHOD_MATCH = YES;
				"CODE_SIGN_IDENTITY[sdk=iphoneos*]" = "iPhone Developer";
				COPY_PHASE_STRIP = NO;
				DEBUG_INFORMATION_FORMAT = "dwarf-with-dsym";
				ENABLE_NS_ASSERTIONS = NO;
				ENABLE_STRICT_OBJC_MSGSEND = YES;
				GCC_C_LANGUAGE_STANDARD = gnu99;
				GCC_NO_COMMON_BLOCKS = YES;
				GCC_WARN_64_TO_32_BIT_CONVERSION = YES;
				GCC_WARN_ABOUT_RETURN_TYPE = YES_ERROR;
				GCC_WARN_UNDECLARED_SELECTOR = YES;
				GCC_WARN_UNINITIALIZED_AUTOS = YES_AGGRESSIVE;
				GCC_WARN_UNUSED_FUNCTION = YES;
				GCC_WARN_UNUSED_VARIABLE = YES;
				IPHONEOS_DEPLOYMENT_TARGET = 10.3;
				MTL_ENABLE_DEBUG_INFO = NO;
				SDKROOT = iphoneos;
				SWIFT_OPTIMIZATION_LEVEL = "-Owholemodule";
				VALIDATE_PRODUCT = YES;
			};
			name = Release;
		};
		81AC28871EE59F2100F8B415 /* Debug */ = {
			isa = XCBuildConfiguration;
			buildSettings = {
				ASSETCATALOG_COMPILER_APPICON_NAME = AppIcon;
				DEVELOPMENT_TEAM = 4B5G8PA32L;
				INFOPLIST_FILE = "Meme-Me-Test/Info.plist";
				LD_RUNPATH_SEARCH_PATHS = "$(inherited) @executable_path/Frameworks";
				PRODUCT_BUNDLE_IDENTIFIER = "com.unbreakablelabs.Meme-Me-Test";
				PRODUCT_NAME = "$(TARGET_NAME)";
				SWIFT_VERSION = 3.0;
			};
			name = Debug;
		};
		81AC28881EE59F2100F8B415 /* Release */ = {
			isa = XCBuildConfiguration;
			buildSettings = {
				ASSETCATALOG_COMPILER_APPICON_NAME = AppIcon;
				DEVELOPMENT_TEAM = 4B5G8PA32L;
				INFOPLIST_FILE = "Meme-Me-Test/Info.plist";
				LD_RUNPATH_SEARCH_PATHS = "$(inherited) @executable_path/Frameworks";
				PRODUCT_BUNDLE_IDENTIFIER = "com.unbreakablelabs.Meme-Me-Test";
				PRODUCT_NAME = "$(TARGET_NAME)";
				SWIFT_VERSION = 3.0;
			};
			name = Release;
		};
/* End XCBuildConfiguration section */

/* Begin XCConfigurationList section */
		81AC286F1EE59F2100F8B415 /* Build configuration list for PBXProject "Meme-Me-Test" */ = {
			isa = XCConfigurationList;
			buildConfigurations = (
				81AC28841EE59F2100F8B415 /* Debug */,
				81AC28851EE59F2100F8B415 /* Release */,
			);
			defaultConfigurationIsVisible = 0;
			defaultConfigurationName = Release;
		};
		81AC28861EE59F2100F8B415 /* Build configuration list for PBXNativeTarget "Meme-Me-Test" */ = {
			isa = XCConfigurationList;
			buildConfigurations = (
				81AC28871EE59F2100F8B415 /* Debug */,
				81AC28881EE59F2100F8B415 /* Release */,
			);
			defaultConfigurationIsVisible = 0;
			defaultConfigurationName = Release;
		};
/* End XCConfigurationList section */
	};
	rootObject = 81AC286C1EE59F2100F8B415 /* Project object */;
}
